// !$*UTF8*$!
{
	archiveVersion = 1;
	classes = {
	};
	objectVersion = 77;
	objects = {

/* Begin PBXBuildFile section */
		3E4BED552EE6A9CE00236453 /* BudgetWidget.appex in Embed Foundation Extensions */ = {isa = PBXBuildFile; fileRef = 5731E98452C848BAA078261D /* BudgetWidget.appex */; settings = {ATTRIBUTES = (RemoveHeadersOnCopy, ); }; };
/* End PBXBuildFile section */

/* Begin PBXContainerItemProxy section */
		3E4BED562EE6A9CE00236453 /* PBXContainerItemProxy */ = {
			isa = PBXContainerItemProxy;
			containerPortal = 3EC2C6202EDFC49C0068D990 /* Project object */;
			proxyType = 1;
			remoteGlobalIDString = 47C425F19DAC40479B33182B;
			remoteInfo = BudgetWidget;
		};
		3EC2C63A2EDFC49C0068D990 /* PBXContainerItemProxy */ = {
			isa = PBXContainerItemProxy;
			containerPortal = 3EC2C6202EDFC49C0068D990 /* Project object */;
			proxyType = 1;
			remoteGlobalIDString = 3EC2C6272EDFC49C0068D990;
			remoteInfo = SimpleBudget;
		};
		3EC2C6442EDFC49C0068D990 /* PBXContainerItemProxy */ = {
			isa = PBXContainerItemProxy;
			containerPortal = 3EC2C6202EDFC49C0068D990 /* Project object */;
			proxyType = 1;
			remoteGlobalIDString = 3EC2C6272EDFC49C0068D990;
			remoteInfo = SimpleBudget;
		};
/* End PBXContainerItemProxy section */

/* Begin PBXCopyFilesBuildPhase section */
		3E4BED582EE6A9CE00236453 /* Embed Foundation Extensions */ = {
			isa = PBXCopyFilesBuildPhase;
			buildActionMask = 2147483647;
			dstPath = "";
			dstSubfolderSpec = 13;
			files = (
				3E4BED552EE6A9CE00236453 /* BudgetWidget.appex in Embed Foundation Extensions */,
			);
			name = "Embed Foundation Extensions";
			runOnlyForDeploymentPostprocessing = 0;
		};
/* End PBXCopyFilesBuildPhase section */

/* Begin PBXFileReference section */
		3EC2C6282EDFC49C0068D990 /* SimpleBudget Track Spending.app */ = {isa = PBXFileReference; explicitFileType = wrapper.application; includeInIndex = 0; path = "SimpleBudget Track Spending.app"; sourceTree = BUILT_PRODUCTS_DIR; };
		3EC2C6392EDFC49C0068D990 /* SimpleBudgetTests.xctest */ = {isa = PBXFileReference; explicitFileType = wrapper.cfbundle; includeInIndex = 0; path = SimpleBudgetTests.xctest; sourceTree = BUILT_PRODUCTS_DIR; };
		3EC2C6432EDFC49C0068D990 /* SimpleBudgetUITests.xctest */ = {isa = PBXFileReference; explicitFileType = wrapper.cfbundle; includeInIndex = 0; path = SimpleBudgetUITests.xctest; sourceTree = BUILT_PRODUCTS_DIR; };
		5731E98452C848BAA078261D /* BudgetWidget.appex */ = {isa = PBXFileReference; explicitFileType = "wrapper.app-extension"; includeInIndex = 0; path = BudgetWidget.appex; sourceTree = BUILT_PRODUCTS_DIR; };
/* End PBXFileReference section */

/* Begin PBXFileSystemSynchronizedBuildFileExceptionSet section */
		3E4BED592EE6AC9800236453 /* Exceptions for "BudgetWidget" folder in "BudgetWidget" target */ = {
			isa = PBXFileSystemSynchronizedBuildFileExceptionSet;
			membershipExceptions = (
				Info.plist,
			);
			target = 47C425F19DAC40479B33182B /* BudgetWidget */;
		};
		3E68D7872EED21F200F3CB6A /* Exceptions for "BudgetWidget" folder in "SimpleBudget Track Spending" target */ = {
			isa = PBXFileSystemSynchronizedBuildFileExceptionSet;
			membershipExceptions = (
				AddExpenseIntent.swift,
			);
			target = 3EC2C6272EDFC49C0068D990 /* SimpleBudget Track Spending */;
		};
		3EC2C64B2EDFC49C0068D990 /* Exceptions for "SimpleBudget" folder in "SimpleBudget Track Spending" target */ = {
			isa = PBXFileSystemSynchronizedBuildFileExceptionSet;
			membershipExceptions = (
				Info.plist,
			);
			target = 3EC2C6272EDFC49C0068D990 /* SimpleBudget Track Spending */;
		};
/* End PBXFileSystemSynchronizedBuildFileExceptionSet section */

/* Begin PBXFileSystemSynchronizedRootGroup section */
		3EC2C62A2EDFC49C0068D990 /* SimpleBudget */ = {
			isa = PBXFileSystemSynchronizedRootGroup;
			exceptions = (
				3EC2C64B2EDFC49C0068D990 /* Exceptions for "SimpleBudget" folder in "SimpleBudget Track Spending" target */,
			);
			path = SimpleBudget;
			sourceTree = "<group>";
		};
		3EC2C63C2EDFC49C0068D990 /* SimpleBudgetTests */ = {
			isa = PBXFileSystemSynchronizedRootGroup;
			path = SimpleBudgetTests;
			sourceTree = "<group>";
		};
		3EC2C6462EDFC49C0068D990 /* SimpleBudgetUITests */ = {
			isa = PBXFileSystemSynchronizedRootGroup;
			path = SimpleBudgetUITests;
			sourceTree = "<group>";
		};
		65BEBC3EC9144DD4B05730B2 /* Shared */ = {
			isa = PBXFileSystemSynchronizedRootGroup;
			path = Shared;
			sourceTree = "<group>";
		};
		E3E6E430BC2E4910BC4CF1BE /* BudgetWidget */ = {
			isa = PBXFileSystemSynchronizedRootGroup;
			exceptions = (
				3E68D7872EED21F200F3CB6A /* Exceptions for "BudgetWidget" folder in "SimpleBudget Track Spending" target */,
				3E4BED592EE6AC9800236453 /* Exceptions for "BudgetWidget" folder in "BudgetWidget" target */,
			);
			path = BudgetWidget;
			sourceTree = "<group>";
		};
/* End PBXFileSystemSynchronizedRootGroup section */

/* Begin PBXFrameworksBuildPhase section */
		22D2FBDA5F1A4DCE9F33DF03 /* Frameworks */ = {
			isa = PBXFrameworksBuildPhase;
			buildActionMask = 2147483647;
			files = (
			);
			runOnlyForDeploymentPostprocessing = 0;
		};
		3EC2C6252EDFC49C0068D990 /* Frameworks */ = {
			isa = PBXFrameworksBuildPhase;
			buildActionMask = 2147483647;
			files = (
			);
			runOnlyForDeploymentPostprocessing = 0;
		};
		3EC2C6362EDFC49C0068D990 /* Frameworks */ = {
			isa = PBXFrameworksBuildPhase;
			buildActionMask = 2147483647;
			files = (
			);
			runOnlyForDeploymentPostprocessing = 0;
		};
		3EC2C6402EDFC49C0068D990 /* Frameworks */ = {
			isa = PBXFrameworksBuildPhase;
			buildActionMask = 2147483647;
			files = (
			);
			runOnlyForDeploymentPostprocessing = 0;
		};
/* End PBXFrameworksBuildPhase section */

/* Begin PBXGroup section */
		3E8BE5172EE6A69B00A8F4BE /* Frameworks */ = {
			isa = PBXGroup;
			children = (
			);
			name = Frameworks;
			sourceTree = "<group>";
		};
		3EC2C61F2EDFC49C0068D990 = {
			isa = PBXGroup;
			children = (
				65BEBC3EC9144DD4B05730B2 /* Shared */,
				E3E6E430BC2E4910BC4CF1BE /* BudgetWidget */,
				3EC2C62A2EDFC49C0068D990 /* SimpleBudget */,
				3EC2C63C2EDFC49C0068D990 /* SimpleBudgetTests */,
				3EC2C6462EDFC49C0068D990 /* SimpleBudgetUITests */,
				3E8BE5172EE6A69B00A8F4BE /* Frameworks */,
				3EC2C6292EDFC49C0068D990 /* Products */,
			);
			sourceTree = "<group>";
		};
		3EC2C6292EDFC49C0068D990 /* Products */ = {
			isa = PBXGroup;
			children = (
				3EC2C6282EDFC49C0068D990 /* SimpleBudget Track Spending.app */,
				3EC2C6392EDFC49C0068D990 /* SimpleBudgetTests.xctest */,
				3EC2C6432EDFC49C0068D990 /* SimpleBudgetUITests.xctest */,
				5731E98452C848BAA078261D /* BudgetWidget.appex */,
			);
			name = Products;
			sourceTree = "<group>";
		};
/* End PBXGroup section */

/* Begin PBXNativeTarget section */
		3EC2C6272EDFC49C0068D990 /* SimpleBudget Track Spending */ = {
			isa = PBXNativeTarget;
			buildConfigurationList = 3EC2C64C2EDFC49C0068D990 /* Build configuration list for PBXNativeTarget "SimpleBudget Track Spending" */;
			buildPhases = (
				3EC2C6242EDFC49C0068D990 /* Sources */,
				3EC2C6252EDFC49C0068D990 /* Frameworks */,
				3EC2C6262EDFC49C0068D990 /* Resources */,
				3E4BED582EE6A9CE00236453 /* Embed Foundation Extensions */,
			);
			buildRules = (
			);
			dependencies = (
				3E4BED572EE6A9CE00236453 /* PBXTargetDependency */,
			);
			fileSystemSynchronizedGroups = (
				3EC2C62A2EDFC49C0068D990 /* SimpleBudget */,
				65BEBC3EC9144DD4B05730B2 /* Shared */,
			);
			name = "SimpleBudget Track Spending";
			packageProductDependencies = (
			);
			productName = SimpleBudget;
			productReference = 3EC2C6282EDFC49C0068D990 /* SimpleBudget Track Spending.app */;
			productType = "com.apple.product-type.application";
		};
		3EC2C6382EDFC49C0068D990 /* SimpleBudgetTests */ = {
			isa = PBXNativeTarget;
			buildConfigurationList = 3EC2C6512EDFC49C0068D990 /* Build configuration list for PBXNativeTarget "SimpleBudgetTests" */;
			buildPhases = (
				3EC2C6352EDFC49C0068D990 /* Sources */,
				3EC2C6362EDFC49C0068D990 /* Frameworks */,
				3EC2C6372EDFC49C0068D990 /* Resources */,
			);
			buildRules = (
			);
			dependencies = (
				3EC2C63B2EDFC49C0068D990 /* PBXTargetDependency */,
			);
			fileSystemSynchronizedGroups = (
				3EC2C63C2EDFC49C0068D990 /* SimpleBudgetTests */,
			);
			name = SimpleBudgetTests;
			packageProductDependencies = (
			);
			productName = SimpleBudgetTests;
			productReference = 3EC2C6392EDFC49C0068D990 /* SimpleBudgetTests.xctest */;
			productType = "com.apple.product-type.bundle.unit-test";
		};
		3EC2C6422EDFC49C0068D990 /* SimpleBudgetUITests */ = {
			isa = PBXNativeTarget;
			buildConfigurationList = 3EC2C6542EDFC49C0068D990 /* Build configuration list for PBXNativeTarget "SimpleBudgetUITests" */;
			buildPhases = (
				3EC2C63F2EDFC49C0068D990 /* Sources */,
				3EC2C6402EDFC49C0068D990 /* Frameworks */,
				3EC2C6412EDFC49C0068D990 /* Resources */,
			);
			buildRules = (
			);
			dependencies = (
				3EC2C6452EDFC49C0068D990 /* PBXTargetDependency */,
			);
			fileSystemSynchronizedGroups = (
				3EC2C6462EDFC49C0068D990 /* SimpleBudgetUITests */,
			);
			name = SimpleBudgetUITests;
			packageProductDependencies = (
			);
			productName = SimpleBudgetUITests;
			productReference = 3EC2C6432EDFC49C0068D990 /* SimpleBudgetUITests.xctest */;
			productType = "com.apple.product-type.bundle.ui-testing";
		};
		47C425F19DAC40479B33182B /* BudgetWidget */ = {
			isa = PBXNativeTarget;
			buildConfigurationList = F48476E2788244EEBBB070FE /* Build configuration list for PBXNativeTarget "BudgetWidget" */;
			buildPhases = (
				6F1E05758E294A0DBAD4462E /* Sources */,
				22D2FBDA5F1A4DCE9F33DF03 /* Frameworks */,
				9265C1770AEE42ACB8656508 /* Resources */,
			);
			buildRules = (
			);
			dependencies = (
			);
			fileSystemSynchronizedGroups = (
				65BEBC3EC9144DD4B05730B2 /* Shared */,
				E3E6E430BC2E4910BC4CF1BE /* BudgetWidget */,
			);
			name = BudgetWidget;
			packageProductDependencies = (
			);
			productName = BudgetWidget;
			productReference = 5731E98452C848BAA078261D /* BudgetWidget.appex */;
			productType = "com.apple.product-type.app-extension";
		};
/* End PBXNativeTarget section */

/* Begin PBXProject section */
		3EC2C6202EDFC49C0068D990 /* Project object */ = {
			isa = PBXProject;
			attributes = {
				BuildIndependentTargetsInParallel = 1;
				LastSwiftUpdateCheck = 2610;
				LastUpgradeCheck = 2610;
				TargetAttributes = {
					3EC2C6272EDFC49C0068D990 = {
						CreatedOnToolsVersion = 26.1.1;
					};
					3EC2C6382EDFC49C0068D990 = {
						CreatedOnToolsVersion = 26.1.1;
						TestTargetID = 3EC2C6272EDFC49C0068D990;
					};
					3EC2C6422EDFC49C0068D990 = {
						CreatedOnToolsVersion = 26.1.1;
						TestTargetID = 3EC2C6272EDFC49C0068D990;
					};
					47C425F19DAC40479B33182B = {
						CreatedOnToolsVersion = 26.1.1;
					};
				};
			};
			buildConfigurationList = 3EC2C6232EDFC49C0068D990 /* Build configuration list for PBXProject "Simple Budget" */;
			developmentRegion = en;
			hasScannedForEncodings = 0;
			knownRegions = (
				en,
				Base,
			);
			mainGroup = 3EC2C61F2EDFC49C0068D990;
			minimizedProjectReferenceProxies = 1;
			preferredProjectObjectVersion = 77;
			productRefGroup = 3EC2C6292EDFC49C0068D990 /* Products */;
			projectDirPath = "";
			projectRoot = "";
			targets = (
				3EC2C6272EDFC49C0068D990 /* SimpleBudget Track Spending */,
				3EC2C6382EDFC49C0068D990 /* SimpleBudgetTests */,
				3EC2C6422EDFC49C0068D990 /* SimpleBudgetUITests */,
				47C425F19DAC40479B33182B /* BudgetWidget */,
			);
		};
/* End PBXProject section */

/* Begin PBXResourcesBuildPhase section */
		3EC2C6262EDFC49C0068D990 /* Resources */ = {
			isa = PBXResourcesBuildPhase;
			buildActionMask = 2147483647;
			files = (
			);
			runOnlyForDeploymentPostprocessing = 0;
		};
		3EC2C6372EDFC49C0068D990 /* Resources */ = {
			isa = PBXResourcesBuildPhase;
			buildActionMask = 2147483647;
			files = (
			);
			runOnlyForDeploymentPostprocessing = 0;
		};
		3EC2C6412EDFC49C0068D990 /* Resources */ = {
			isa = PBXResourcesBuildPhase;
			buildActionMask = 2147483647;
			files = (
			);
			runOnlyForDeploymentPostprocessing = 0;
		};
		9265C1770AEE42ACB8656508 /* Resources */ = {
			isa = PBXResourcesBuildPhase;
			buildActionMask = 2147483647;
			files = (
			);
			runOnlyForDeploymentPostprocessing = 0;
		};
/* End PBXResourcesBuildPhase section */

/* Begin PBXSourcesBuildPhase section */
		3EC2C6242EDFC49C0068D990 /* Sources */ = {
			isa = PBXSourcesBuildPhase;
			buildActionMask = 2147483647;
			files = (
			);
			runOnlyForDeploymentPostprocessing = 0;
		};
		3EC2C6352EDFC49C0068D990 /* Sources */ = {
			isa = PBXSourcesBuildPhase;
			buildActionMask = 2147483647;
			files = (
			);
			runOnlyForDeploymentPostprocessing = 0;
		};
		3EC2C63F2EDFC49C0068D990 /* Sources */ = {
			isa = PBXSourcesBuildPhase;
			buildActionMask = 2147483647;
			files = (
			);
			runOnlyForDeploymentPostprocessing = 0;
		};
		6F1E05758E294A0DBAD4462E /* Sources */ = {
			isa = PBXSourcesBuildPhase;
			buildActionMask = 2147483647;
			files = (
			);
			runOnlyForDeploymentPostprocessing = 0;
		};
/* End PBXSourcesBuildPhase section */

/* Begin PBXTargetDependency section */
		3E4BED572EE6A9CE00236453 /* PBXTargetDependency */ = {
			isa = PBXTargetDependency;
			target = 47C425F19DAC40479B33182B /* BudgetWidget */;
			targetProxy = 3E4BED562EE6A9CE00236453 /* PBXContainerItemProxy */;
		};
		3EC2C63B2EDFC49C0068D990 /* PBXTargetDependency */ = {
			isa = PBXTargetDependency;
			target = 3EC2C6272EDFC49C0068D990 /* SimpleBudget Track Spending */;
			targetProxy = 3EC2C63A2EDFC49C0068D990 /* PBXContainerItemProxy */;
		};
		3EC2C6452EDFC49C0068D990 /* PBXTargetDependency */ = {
			isa = PBXTargetDependency;
			target = 3EC2C6272EDFC49C0068D990 /* SimpleBudget Track Spending */;
			targetProxy = 3EC2C6442EDFC49C0068D990 /* PBXContainerItemProxy */;
		};
/* End PBXTargetDependency section */

/* Begin XCBuildConfiguration section */
		16395E1C5712463BA63825CB /* Release */ = {
			isa = XCBuildConfiguration;
			buildSettings = {
				APPLICATION_EXTENSION_API_ONLY = YES;
				APP_SHORTCUTS_ENABLE_FLEXIBLE_MATCHING = NO;
				CODE_SIGN_ENTITLEMENTS = BudgetWidget/BudgetWidget.entitlements;
				CODE_SIGN_STYLE = Automatic;
				CURRENT_PROJECT_VERSION = 1;
				DEVELOPMENT_TEAM = PNVPPRJ99U;
				GENERATE_INFOPLIST_FILE = NO;
				INFOPLIST_FILE = BudgetWidget/Info.plist;
				INFOPLIST_KEY_CFBundleDisplayName = BudgetWidget;
				INFOPLIST_KEY_NSExtension_NSExtensionPointIdentifier = "com.apple.widgetkit-extension";
				INFOPLIST_KEY_NSExtension_NSExtensionPrincipalClass = "$(PRODUCT_MODULE_NAME).BudgetWidget";
				IPHONEOS_DEPLOYMENT_TARGET = 17.0;
				LD_RUNPATH_SEARCH_PATHS = (
					"@executable_path/Frameworks",
					"@executable_path/../../Frameworks",
				);
				MARKETING_VERSION = 1.0;
				PRODUCT_BUNDLE_IDENTIFIER = WhiteSnek.SimpleBudget.BudgetWidget;
				PRODUCT_NAME = "$(TARGET_NAME)";
				SDKROOT = auto;
				SKIP_INSTALL = YES;
				SUPPORTED_PLATFORMS = "iphoneos iphonesimulator";
				SWIFTDATA_MODEL_TYPES = "Transaction BudgetSettings BudgetCategory";
				SWIFT_EMIT_LOC_STRINGS = YES;
				SWIFT_VERSION = 5.0;
				TARGETED_DEVICE_FAMILY = "1,2,7";
			};
			name = Release;
		};
		3EC2C64D2EDFC49C0068D990 /* Debug */ = {
			isa = XCBuildConfiguration;
			buildSettings = {
				APP_SHORTCUTS_ENABLE_FLEXIBLE_MATCHING = NO;
				ASSETCATALOG_COMPILER_APPICON_NAME = AppIcon;
				ASSETCATALOG_COMPILER_GLOBAL_ACCENT_COLOR_NAME = AccentColor;
				ASSETCATALOG_COMPILER_INCLUDE_ALL_APPICON_ASSETS = NO;
				CODE_SIGN_ENTITLEMENTS = SimpleBudget/SimpleBudget.entitlements;
				CODE_SIGN_STYLE = Automatic;
				CURRENT_PROJECT_VERSION = 1;
				DEVELOPMENT_TEAM = PNVPPRJ99U;
				ENABLE_APP_SANDBOX = YES;
				ENABLE_HARDENED_RUNTIME = YES;
				ENABLE_PREVIEWS = YES;
				ENABLE_USER_SELECTED_FILES = readonly;
				GENERATE_INFOPLIST_FILE = YES;
				INFOPLIST_FILE = SimpleBudget/Info.plist;
				INFOPLIST_KEY_CFBundleDisplayName = "Simple Budget";
				"INFOPLIST_KEY_UIApplicationSceneManifest_Generation[sdk=iphoneos*]" = YES;
				"INFOPLIST_KEY_UIApplicationSceneManifest_Generation[sdk=iphonesimulator*]" = YES;
				"INFOPLIST_KEY_UIApplicationSupportsIndirectInputEvents[sdk=iphoneos*]" = YES;
				"INFOPLIST_KEY_UIApplicationSupportsIndirectInputEvents[sdk=iphonesimulator*]" = YES;
				"INFOPLIST_KEY_UILaunchScreen_Generation[sdk=iphoneos*]" = YES;
				"INFOPLIST_KEY_UILaunchScreen_Generation[sdk=iphonesimulator*]" = YES;
				"INFOPLIST_KEY_UIStatusBarStyle[sdk=iphoneos*]" = UIStatusBarStyleDefault;
				"INFOPLIST_KEY_UIStatusBarStyle[sdk=iphonesimulator*]" = UIStatusBarStyleDefault;
				INFOPLIST_KEY_UISupportedInterfaceOrientations_iPad = "UIInterfaceOrientationPortrait UIInterfaceOrientationPortraitUpsideDown UIInterfaceOrientationLandscapeLeft UIInterfaceOrientationLandscapeRight";
				INFOPLIST_KEY_UISupportedInterfaceOrientations_iPhone = "UIInterfaceOrientationPortrait UIInterfaceOrientationLandscapeLeft UIInterfaceOrientationLandscapeRight";
				IPHONEOS_DEPLOYMENT_TARGET = 17.0;
				LD_RUNPATH_SEARCH_PATHS = "@executable_path/Frameworks";
				"LD_RUNPATH_SEARCH_PATHS[sdk=macosx*]" = "@executable_path/../Frameworks";
				MACOSX_DEPLOYMENT_TARGET = 14.0;
				MARKETING_VERSION = 1.0;
				PRODUCT_BUNDLE_IDENTIFIER = WhiteSnek.SimpleBudget;
				PRODUCT_NAME = "$(TARGET_NAME)";
				REGISTER_APP_GROUPS = YES;
				SDKROOT = auto;
				STRING_CATALOG_GENERATE_SYMBOLS = YES;
				SUPPORTED_PLATFORMS = "iphoneos iphonesimulator macosx xros xrsimulator";
				SWIFT_APPROACHABLE_CONCURRENCY = YES;
				SWIFT_DEFAULT_ACTOR_ISOLATION = MainActor;
				SWIFT_EMIT_LOC_STRINGS = YES;
				SWIFT_UPCOMING_FEATURE_MEMBER_IMPORT_VISIBILITY = YES;
				SWIFT_VERSION = 5.0;
				TARGETED_DEVICE_FAMILY = "1,2,7";
				XROS_DEPLOYMENT_TARGET = 1.0;
			};
			name = Debug;
		};
		3EC2C64E2EDFC49C0068D990 /* Release */ = {
			isa = XCBuildConfiguration;
			buildSettings = {
				APP_SHORTCUTS_ENABLE_FLEXIBLE_MATCHING = NO;
				ASSETCATALOG_COMPILER_APPICON_NAME = AppIcon;
				ASSETCATALOG_COMPILER_GLOBAL_ACCENT_COLOR_NAME = AccentColor;
				ASSETCATALOG_COMPILER_INCLUDE_ALL_APPICON_ASSETS = NO;
				CODE_SIGN_ENTITLEMENTS = SimpleBudget/SimpleBudget.entitlements;
				CODE_SIGN_STYLE = Automatic;
				CURRENT_PROJECT_VERSION = 1;
				DEVELOPMENT_TEAM = PNVPPRJ99U;
				ENABLE_APP_SANDBOX = YES;
				ENABLE_HARDENED_RUNTIME = YES;
				ENABLE_PREVIEWS = YES;
				ENABLE_USER_SELECTED_FILES = readonly;
				GENERATE_INFOPLIST_FILE = YES;
				INFOPLIST_FILE = SimpleBudget/Info.plist;
				INFOPLIST_KEY_CFBundleDisplayName = "Simple Budget";
				"INFOPLIST_KEY_UIApplicationSceneManifest_Generation[sdk=iphoneos*]" = YES;
				"INFOPLIST_KEY_UIApplicationSceneManifest_Generation[sdk=iphonesimulator*]" = YES;
				"INFOPLIST_KEY_UIApplicationSupportsIndirectInputEvents[sdk=iphoneos*]" = YES;
				"INFOPLIST_KEY_UIApplicationSupportsIndirectInputEvents[sdk=iphonesimulator*]" = YES;
				"INFOPLIST_KEY_UILaunchScreen_Generation[sdk=iphoneos*]" = YES;
				"INFOPLIST_KEY_UILaunchScreen_Generation[sdk=iphonesimulator*]" = YES;
				"INFOPLIST_KEY_UIStatusBarStyle[sdk=iphoneos*]" = UIStatusBarStyleDefault;
				"INFOPLIST_KEY_UIStatusBarStyle[sdk=iphonesimulator*]" = UIStatusBarStyleDefault;
				INFOPLIST_KEY_UISupportedInterfaceOrientations_iPad = "UIInterfaceOrientationPortrait UIInterfaceOrientationPortraitUpsideDown UIInterfaceOrientationLandscapeLeft UIInterfaceOrientationLandscapeRight";
				INFOPLIST_KEY_UISupportedInterfaceOrientations_iPhone = "UIInterfaceOrientationPortrait UIInterfaceOrientationLandscapeLeft UIInterfaceOrientationLandscapeRight";
				IPHONEOS_DEPLOYMENT_TARGET = 17.0;
				LD_RUNPATH_SEARCH_PATHS = "@executable_path/Frameworks";
				"LD_RUNPATH_SEARCH_PATHS[sdk=macosx*]" = "@executable_path/../Frameworks";
				MACOSX_DEPLOYMENT_TARGET = 14.0;
				MARKETING_VERSION = 1.0;
				PRODUCT_BUNDLE_IDENTIFIER = WhiteSnek.SimpleBudget;
				PRODUCT_NAME = "$(TARGET_NAME)";
				REGISTER_APP_GROUPS = YES;
				SDKROOT = auto;
				STRING_CATALOG_GENERATE_SYMBOLS = YES;
				SUPPORTED_PLATFORMS = "iphoneos iphonesimulator macosx xros xrsimulator";
				SWIFT_APPROACHABLE_CONCURRENCY = YES;
				SWIFT_DEFAULT_ACTOR_ISOLATION = MainActor;
				SWIFT_EMIT_LOC_STRINGS = YES;
				SWIFT_UPCOMING_FEATURE_MEMBER_IMPORT_VISIBILITY = YES;
				SWIFT_VERSION = 5.0;
				TARGETED_DEVICE_FAMILY = "1,2,7";
				XROS_DEPLOYMENT_TARGET = 1.0;
			};
			name = Release;
		};
		3EC2C64F2EDFC49C0068D990 /* Debug */ = {
			isa = XCBuildConfiguration;
			buildSettings = {
				ALWAYS_SEARCH_USER_PATHS = NO;
				ASSETCATALOG_COMPILER_GENERATE_SWIFT_ASSET_SYMBOL_EXTENSIONS = YES;
				CLANG_ANALYZER_NONNULL = YES;
				CLANG_ANALYZER_NUMBER_OBJECT_CONVERSION = YES_AGGRESSIVE;
				CLANG_CXX_LANGUAGE_STANDARD = "gnu++20";
				CLANG_ENABLE_MODULES = YES;
				CLANG_ENABLE_OBJC_ARC = YES;
				CLANG_ENABLE_OBJC_WEAK = YES;
				CLANG_WARN_BLOCK_CAPTURE_AUTORELEASING = YES;
				CLANG_WARN_BOOL_CONVERSION = YES;
				CLANG_WARN_COMMA = YES;
				CLANG_WARN_CONSTANT_CONVERSION = YES;
				CLANG_WARN_DEPRECATED_OBJC_IMPLEMENTATIONS = YES;
				CLANG_WARN_DIRECT_OBJC_ISA_USAGE = YES_ERROR;
				CLANG_WARN_DOCUMENTATION_COMMENTS = YES;
				CLANG_WARN_EMPTY_BODY = YES;
				CLANG_WARN_ENUM_CONVERSION = YES;
				CLANG_WARN_INFINITE_RECURSION = YES;
				CLANG_WARN_INT_CONVERSION = YES;
				CLANG_WARN_NON_LITERAL_NULL_CONVERSION = YES;
				CLANG_WARN_OBJC_IMPLICIT_RETAIN_SELF = YES;
				CLANG_WARN_OBJC_LITERAL_CONVERSION = YES;
				CLANG_WARN_OBJC_ROOT_CLASS = YES_ERROR;
				CLANG_WARN_QUOTED_INCLUDE_IN_FRAMEWORK_HEADER = YES;
				CLANG_WARN_RANGE_LOOP_ANALYSIS = YES;
				CLANG_WARN_STRICT_PROTOTYPES = YES;
				CLANG_WARN_SUSPICIOUS_MOVE = YES;
				CLANG_WARN_UNGUARDED_AVAILABILITY = YES_AGGRESSIVE;
				CLANG_WARN_UNREACHABLE_CODE = YES;
				CLANG_WARN__DUPLICATE_METHOD_MATCH = YES;
				COPY_PHASE_STRIP = NO;
				DEBUG_INFORMATION_FORMAT = dwarf;
				DEVELOPMENT_TEAM = PNVPPRJ99U;
				ENABLE_STRICT_OBJC_MSGSEND = YES;
				ENABLE_TESTABILITY = YES;
				ENABLE_USER_SCRIPT_SANDBOXING = YES;
				GCC_C_LANGUAGE_STANDARD = gnu17;
				GCC_DYNAMIC_NO_PIC = NO;
				GCC_NO_COMMON_BLOCKS = YES;
				GCC_OPTIMIZATION_LEVEL = 0;
				GCC_PREPROCESSOR_DEFINITIONS = (
					"DEBUG=1",
					"$(inherited)",
				);
				GCC_WARN_64_TO_32_BIT_CONVERSION = YES;
				GCC_WARN_ABOUT_RETURN_TYPE = YES_ERROR;
				GCC_WARN_UNDECLARED_SELECTOR = YES;
				GCC_WARN_UNINITIALIZED_AUTOS = YES_AGGRESSIVE;
				GCC_WARN_UNUSED_FUNCTION = YES;
				GCC_WARN_UNUSED_VARIABLE = YES;
				LOCALIZATION_PREFERS_STRING_CATALOGS = YES;
				MTL_ENABLE_DEBUG_INFO = INCLUDE_SOURCE;
				MTL_FAST_MATH = YES;
				ONLY_ACTIVE_ARCH = YES;
				SWIFT_ACTIVE_COMPILATION_CONDITIONS = "DEBUG $(inherited)";
				SWIFT_OPTIMIZATION_LEVEL = "-Onone";
			};
			name = Debug;
		};
		3EC2C6502EDFC49C0068D990 /* Release */ = {
			isa = XCBuildConfiguration;
			buildSettings = {
				ALWAYS_SEARCH_USER_PATHS = NO;
				ASSETCATALOG_COMPILER_GENERATE_SWIFT_ASSET_SYMBOL_EXTENSIONS = YES;
				CLANG_ANALYZER_NONNULL = YES;
				CLANG_ANALYZER_NUMBER_OBJECT_CONVERSION = YES_AGGRESSIVE;
				CLANG_CXX_LANGUAGE_STANDARD = "gnu++20";
				CLANG_ENABLE_MODULES = YES;
				CLANG_ENABLE_OBJC_ARC = YES;
				CLANG_ENABLE_OBJC_WEAK = YES;
				CLANG_WARN_BLOCK_CAPTURE_AUTORELEASING = YES;
				CLANG_WARN_BOOL_CONVERSION = YES;
				CLANG_WARN_COMMA = YES;
				CLANG_WARN_CONSTANT_CONVERSION = YES;
				CLANG_WARN_DEPRECATED_OBJC_IMPLEMENTATIONS = YES;
				CLANG_WARN_DIRECT_OBJC_ISA_USAGE = YES_ERROR;
				CLANG_WARN_DOCUMENTATION_COMMENTS = YES;
				CLANG_WARN_EMPTY_BODY = YES;
				CLANG_WARN_ENUM_CONVERSION = YES;
				CLANG_WARN_INFINITE_RECURSION = YES;
				CLANG_WARN_INT_CONVERSION = YES;
				CLANG_WARN_NON_LITERAL_NULL_CONVERSION = YES;
				CLANG_WARN_OBJC_IMPLICIT_RETAIN_SELF = YES;
				CLANG_WARN_OBJC_LITERAL_CONVERSION = YES;
				CLANG_WARN_OBJC_ROOT_CLASS = YES_ERROR;
				CLANG_WARN_QUOTED_INCLUDE_IN_FRAMEWORK_HEADER = YES;
				CLANG_WARN_RANGE_LOOP_ANALYSIS = YES;
				CLANG_WARN_STRICT_PROTOTYPES = YES;
				CLANG_WARN_SUSPICIOUS_MOVE = YES;
				CLANG_WARN_UNGUARDED_AVAILABILITY = YES_AGGRESSIVE;
				CLANG_WARN_UNREACHABLE_CODE = YES;
				CLANG_WARN__DUPLICATE_METHOD_MATCH = YES;
				COPY_PHASE_STRIP = NO;
				DEBUG_INFORMATION_FORMAT = "dwarf-with-dsym";
				DEVELOPMENT_TEAM = PNVPPRJ99U;
				ENABLE_NS_ASSERTIONS = NO;
				ENABLE_STRICT_OBJC_MSGSEND = YES;
				ENABLE_USER_SCRIPT_SANDBOXING = YES;
				GCC_C_LANGUAGE_STANDARD = gnu17;
				GCC_NO_COMMON_BLOCKS = YES;
				GCC_WARN_64_TO_32_BIT_CONVERSION = YES;
				GCC_WARN_ABOUT_RETURN_TYPE = YES_ERROR;
				GCC_WARN_UNDECLARED_SELECTOR = YES;
				GCC_WARN_UNINITIALIZED_AUTOS = YES_AGGRESSIVE;
				GCC_WARN_UNUSED_FUNCTION = YES;
				GCC_WARN_UNUSED_VARIABLE = YES;
				LOCALIZATION_PREFERS_STRING_CATALOGS = YES;
				MTL_ENABLE_DEBUG_INFO = NO;
				MTL_FAST_MATH = YES;
				SWIFT_COMPILATION_MODE = wholemodule;
			};
			name = Release;
		};
		3EC2C6522EDFC49C0068D990 /* Debug */ = {
			isa = XCBuildConfiguration;
			buildSettings = {
				BUNDLE_LOADER = "$(TEST_HOST)";
				CODE_SIGN_STYLE = Automatic;
				CURRENT_PROJECT_VERSION = 1;
				DEVELOPMENT_TEAM = PNVPPRJ99U;
				GENERATE_INFOPLIST_FILE = YES;
				IPHONEOS_DEPLOYMENT_TARGET = 26.1;
				MACOSX_DEPLOYMENT_TARGET = 26.1;
				MARKETING_VERSION = 1.0;
				PRODUCT_BUNDLE_IDENTIFIER = WhiteSnek.SimpleBudgetTests;
				PRODUCT_NAME = "$(TARGET_NAME)";
				SDKROOT = auto;
				STRING_CATALOG_GENERATE_SYMBOLS = NO;
				SUPPORTED_PLATFORMS = "iphoneos iphonesimulator macosx xros xrsimulator";
				SWIFT_APPROACHABLE_CONCURRENCY = YES;
				SWIFT_EMIT_LOC_STRINGS = NO;
				SWIFT_UPCOMING_FEATURE_MEMBER_IMPORT_VISIBILITY = YES;
				SWIFT_VERSION = 5.0;
				TARGETED_DEVICE_FAMILY = "1,2,7";
				TEST_HOST = "$(BUILT_PRODUCTS_DIR)/SimpleBudget.app/$(BUNDLE_EXECUTABLE_FOLDER_PATH)/SimpleBudget";
				XROS_DEPLOYMENT_TARGET = 26.1;
			};
			name = Debug;
		};
		3EC2C6532EDFC49C0068D990 /* Release */ = {
			isa = XCBuildConfiguration;
			buildSettings = {
				BUNDLE_LOADER = "$(TEST_HOST)";
				CODE_SIGN_STYLE = Automatic;
				CURRENT_PROJECT_VERSION = 1;
				DEVELOPMENT_TEAM = PNVPPRJ99U;
				GENERATE_INFOPLIST_FILE = YES;
				IPHONEOS_DEPLOYMENT_TARGET = 26.1;
				MACOSX_DEPLOYMENT_TARGET = 26.1;
				MARKETING_VERSION = 1.0;
				PRODUCT_BUNDLE_IDENTIFIER = WhiteSnek.SimpleBudgetTests;
				PRODUCT_NAME = "$(TARGET_NAME)";
				SDKROOT = auto;
				STRING_CATALOG_GENERATE_SYMBOLS = NO;
				SUPPORTED_PLATFORMS = "iphoneos iphonesimulator macosx xros xrsimulator";
				SWIFT_APPROACHABLE_CONCURRENCY = YES;
				SWIFT_EMIT_LOC_STRINGS = NO;
				SWIFT_UPCOMING_FEATURE_MEMBER_IMPORT_VISIBILITY = YES;
				SWIFT_VERSION = 5.0;
				TARGETED_DEVICE_FAMILY = "1,2,7";
				TEST_HOST = "$(BUILT_PRODUCTS_DIR)/SimpleBudget.app/$(BUNDLE_EXECUTABLE_FOLDER_PATH)/SimpleBudget";
				XROS_DEPLOYMENT_TARGET = 26.1;
			};
			name = Release;
		};
		3EC2C6552EDFC49C0068D990 /* Debug */ = {
			isa = XCBuildConfiguration;
			buildSettings = {
				CODE_SIGN_STYLE = Automatic;
				CURRENT_PROJECT_VERSION = 1;
				DEVELOPMENT_TEAM = PNVPPRJ99U;
				GENERATE_INFOPLIST_FILE = YES;
				IPHONEOS_DEPLOYMENT_TARGET = 26.1;
				MACOSX_DEPLOYMENT_TARGET = 26.1;
				MARKETING_VERSION = 1.0;
				PRODUCT_BUNDLE_IDENTIFIER = WhiteSnek.SimpleBudgetUITests;
				PRODUCT_NAME = "$(TARGET_NAME)";
				SDKROOT = auto;
				STRING_CATALOG_GENERATE_SYMBOLS = NO;
				SUPPORTED_PLATFORMS = "iphoneos iphonesimulator macosx xros xrsimulator";
				SWIFT_APPROACHABLE_CONCURRENCY = YES;
				SWIFT_EMIT_LOC_STRINGS = NO;
				SWIFT_UPCOMING_FEATURE_MEMBER_IMPORT_VISIBILITY = YES;
				SWIFT_VERSION = 5.0;
				TARGETED_DEVICE_FAMILY = "1,2,7";
				TEST_TARGET_NAME = SimpleBudget;
				XROS_DEPLOYMENT_TARGET = 26.1;
			};
			name = Debug;
		};
		3EC2C6562EDFC49C0068D990 /* Release */ = {
			isa = XCBuildConfiguration;
			buildSettings = {
				CODE_SIGN_STYLE = Automatic;
				CURRENT_PROJECT_VERSION = 1;
				DEVELOPMENT_TEAM = PNVPPRJ99U;
				GENERATE_INFOPLIST_FILE = YES;
				IPHONEOS_DEPLOYMENT_TARGET = 26.1;
				MACOSX_DEPLOYMENT_TARGET = 26.1;
				MARKETING_VERSION = 1.0;
				PRODUCT_BUNDLE_IDENTIFIER = WhiteSnek.SimpleBudgetUITests;
				PRODUCT_NAME = "$(TARGET_NAME)";
				SDKROOT = auto;
				STRING_CATALOG_GENERATE_SYMBOLS = NO;
				SUPPORTED_PLATFORMS = "iphoneos iphonesimulator macosx xros xrsimulator";
				SWIFT_APPROACHABLE_CONCURRENCY = YES;
				SWIFT_EMIT_LOC_STRINGS = NO;
				SWIFT_UPCOMING_FEATURE_MEMBER_IMPORT_VISIBILITY = YES;
				SWIFT_VERSION = 5.0;
				TARGETED_DEVICE_FAMILY = "1,2,7";
				TEST_TARGET_NAME = SimpleBudget;
				XROS_DEPLOYMENT_TARGET = 26.1;
			};
			name = Release;
		};
		5AC527B7F8634A1DBC8139BE /* Debug */ = {
			isa = XCBuildConfiguration;
			buildSettings = {
				APPLICATION_EXTENSION_API_ONLY = YES;
				APP_SHORTCUTS_ENABLE_FLEXIBLE_MATCHING = NO;
				CODE_SIGN_ENTITLEMENTS = BudgetWidget/BudgetWidget.entitlements;
				CODE_SIGN_STYLE = Automatic;
				CURRENT_PROJECT_VERSION = 1;
				DEVELOPMENT_TEAM = PNVPPRJ99U;
				GENERATE_INFOPLIST_FILE = NO;
				INFOPLIST_FILE = BudgetWidget/Info.plist;
				INFOPLIST_KEY_CFBundleDisplayName = BudgetWidget;
				INFOPLIST_KEY_NSExtension_NSExtensionPointIdentifier = "com.apple.widgetkit-extension";
				INFOPLIST_KEY_NSExtension_NSExtensionPrincipalClass = "$(PRODUCT_MODULE_NAME).BudgetWidget";
				IPHONEOS_DEPLOYMENT_TARGET = 17.0;
				LD_RUNPATH_SEARCH_PATHS = (
					"@executable_path/Frameworks",
					"@executable_path/../../Frameworks",
				);
				MARKETING_VERSION = 1.0;
				PRODUCT_BUNDLE_IDENTIFIER = WhiteSnek.SimpleBudget.BudgetWidget;
				PRODUCT_NAME = "$(TARGET_NAME)";
				SDKROOT = auto;
				SKIP_INSTALL = YES;
				SUPPORTED_PLATFORMS = "iphoneos iphonesimulator";
				SWIFTDATA_MODEL_TYPES = "Transaction BudgetSettings BudgetCategory";
				SWIFT_EMIT_LOC_STRINGS = YES;
				SWIFT_VERSION = 5.0;
				TARGETED_DEVICE_FAMILY = "1,2,7";
			};
			name = Debug;
		};
/* End XCBuildConfiguration section */

/* Begin XCConfigurationList section */
		3EC2C6232EDFC49C0068D990 /* Build configuration list for PBXProject "Simple Budget" */ = {
			isa = XCConfigurationList;
			buildConfigurations = (
				3EC2C64F2EDFC49C0068D990 /* Debug */,
				3EC2C6502EDFC49C0068D990 /* Release */,
			);
			defaultConfigurationIsVisible = 0;
			defaultConfigurationName = Release;
		};
		3EC2C64C2EDFC49C0068D990 /* Build configuration list for PBXNativeTarget "SimpleBudget Track Spending" */ = {
			isa = XCConfigurationList;
			buildConfigurations = (
				3EC2C64D2EDFC49C0068D990 /* Debug */,
				3EC2C64E2EDFC49C0068D990 /* Release */,
			);
			defaultConfigurationIsVisible = 0;
			defaultConfigurationName = Release;
		};
		3EC2C6512EDFC49C0068D990 /* Build configuration list for PBXNativeTarget "SimpleBudgetTests" */ = {
			isa = XCConfigurationList;
			buildConfigurations = (
				3EC2C6522EDFC49C0068D990 /* Debug */,
				3EC2C6532EDFC49C0068D990 /* Release */,
			);
			defaultConfigurationIsVisible = 0;
			defaultConfigurationName = Release;
		};
		3EC2C6542EDFC49C0068D990 /* Build configuration list for PBXNativeTarget "SimpleBudgetUITests" */ = {
			isa = XCConfigurationList;
			buildConfigurations = (
				3EC2C6552EDFC49C0068D990 /* Debug */,
				3EC2C6562EDFC49C0068D990 /* Release */,
			);
			defaultConfigurationIsVisible = 0;
			defaultConfigurationName = Release;
		};
		F48476E2788244EEBBB070FE /* Build configuration list for PBXNativeTarget "BudgetWidget" */ = {
			isa = XCConfigurationList;
			buildConfigurations = (
				5AC527B7F8634A1DBC8139BE /* Debug */,
				16395E1C5712463BA63825CB /* Release */,
			);
			defaultConfigurationIsVisible = 0;
			defaultConfigurationName = Release;
		};
/* End XCConfigurationList section */
	};
	rootObject = 3EC2C6202EDFC49C0068D990 /* Project object */;
}
